
Microsoft Visual Studio Solution File, Format Version 12.00
# Visual Studio Version 17
VisualStudioVersion = 17.12.35707.178 d17.12
MinimumVisualStudioVersion = 10.0.40219.1
Project("{FAE04EC0-301F-11D3-BF4B-00C04F79EFBC}") = "ConsoleApp1", "ConsoleApp1.csproj", "{E46A2675-4A10-485D-BCC4-64D965210AB2}"
EndProject
Project("{FAE04EC0-301F-11D3-BF4B-00C04F79EFBC}") = "Lab3_2", "..\Lab3_2\Lab3_2.csproj", "{77564D0C-8E62-49C8-99DF-9134063C0681}"
EndProject
Global
	GlobalSection(SolutionConfigurationPlatforms) = preSolution
		Debug|Any CPU = Debug|Any CPU
		Release|Any CPU = Release|Any CPU
	EndGlobalSection
	GlobalSection(ProjectConfigurationPlatforms) = postSolution
		{E46A2675-4A10-485D-BCC4-64D965210AB2}.Debug|Any CPU.ActiveCfg = Debug|Any CPU
		{E46A2675-4A10-485D-BCC4-64D965210AB2}.Debug|Any CPU.Build.0 = Debug|Any CPU
		{E46A2675-4A10-485D-BCC4-64D965210AB2}.Release|Any CPU.ActiveCfg = Release|Any CPU
		{E46A2675-4A10-485D-BCC4-64D965210AB2}.Release|Any CPU.Build.0 = Release|Any CPU
		{77564D0C-8E62-49C8-99DF-9134063C0681}.Debug|Any CPU.ActiveCfg = Debug|Any CPU
		{77564D0C-8E62-49C8-99DF-9134063C0681}.Debug|Any CPU.Build.0 = Debug|Any CPU
		{77564D0C-8E62-49C8-99DF-9134063C0681}.Release|Any CPU.ActiveCfg = Release|Any CPU
		{77564D0C-8E62-49C8-99DF-9134063C0681}.Release|Any CPU.Build.0 = Release|Any CPU
	EndGlobalSection
	GlobalSection(SolutionProperties) = preSolution
		HideSolutionNode = FALSE
	EndGlobalSection
EndGlobal
